
Microsoft Visual Studio Solution File, Format Version 12.00
# Visual Studio Version 17
VisualStudioVersion = 17.14.36518.9
MinimumVisualStudioVersion = 10.0.40219.1
Project("{FAE04EC0-301F-11D3-BF4B-00C04F79EFBC}") = "VaultEdge.Api", "src\VaultEdge.Api\VaultEdge.Api.csproj", "{755F3463-2D3F-42FE-836E-BF963FD7AD40}"
EndProject
Project("{FAE04EC0-301F-11D3-BF4B-00C04F79EFBC}") = "VaultEdge.Application", "src\VaultEdge.Application\VaultEdge.Application.csproj", "{DA4C8EA8-FA2D-4025-8205-517B8CCBF77C}"
EndProject
Project("{FAE04EC0-301F-11D3-BF4B-00C04F79EFBC}") = "VaultEdge.Domain", "src\VaultEdge.Domain\VaultEdge.Domain.csproj", "{D1F2F4EE-34EC-4BF4-A482-1306196136A2}"
EndProject
Project("{FAE04EC0-301F-11D3-BF4B-00C04F79EFBC}") = "VaultEdge.Infrastructure", "src\VaultEdge.Infrastructure\VaultEdge.Infrastructure.csproj", "{0C9ECEFA-E00E-4B2F-9157-7D48B7C454E0}"
EndProject
Project("{2150E333-8FDC-42A3-9474-1A3956D46DE8}") = "src", "src", "{827E0CD3-B72D-47B6-A68D-7590B98EB39B}"
EndProject
Project("{FAE04EC0-301F-11D3-BF4B-00C04F79EFBC}") = "VaultEdge.UnitTests", "tests\VaultEdge.UnitTests\VaultEdge.UnitTests.csproj", "{1C62D010-4D6D-42D8-9206-FA1B97749D7B}"
EndProject
Project("{2150E333-8FDC-42A3-9474-1A3956D46DE8}") = "tests", "tests", "{02EA681E-C7D8-13C7-8484-4AC65E1B71E8}"
EndProject
Global
	GlobalSection(SolutionConfigurationPlatforms) = preSolution
		Debug|Any CPU = Debug|Any CPU
		Debug|x64 = Debug|x64
		Debug|x86 = Debug|x86
		Release|Any CPU = Release|Any CPU
		Release|x64 = Release|x64
		Release|x86 = Release|x86
	EndGlobalSection
	GlobalSection(ProjectConfigurationPlatforms) = postSolution
		{755F3463-2D3F-42FE-836E-BF963FD7AD40}.Debug|Any CPU.ActiveCfg = Debug|Any CPU
		{755F3463-2D3F-42FE-836E-BF963FD7AD40}.Debug|Any CPU.Build.0 = Debug|Any CPU
		{755F3463-2D3F-42FE-836E-BF963FD7AD40}.Debug|x64.ActiveCfg = Debug|Any CPU
		{755F3463-2D3F-42FE-836E-BF963FD7AD40}.Debug|x64.Build.0 = Debug|Any CPU
		{755F3463-2D3F-42FE-836E-BF963FD7AD40}.Debug|x86.ActiveCfg = Debug|Any CPU
		{755F3463-2D3F-42FE-836E-BF963FD7AD40}.Debug|x86.Build.0 = Debug|Any CPU
		{755F3463-2D3F-42FE-836E-BF963FD7AD40}.Release|Any CPU.ActiveCfg = Release|Any CPU
		{755F3463-2D3F-42FE-836E-BF963FD7AD40}.Release|Any CPU.Build.0 = Release|Any CPU
		{755F3463-2D3F-42FE-836E-BF963FD7AD40}.Release|x64.ActiveCfg = Release|Any CPU
		{755F3463-2D3F-42FE-836E-BF963FD7AD40}.Release|x64.Build.0 = Release|Any CPU
		{755F3463-2D3F-42FE-836E-BF963FD7AD40}.Release|x86.ActiveCfg = Release|Any CPU
		{755F3463-2D3F-42FE-836E-BF963FD7AD40}.Release|x86.Build.0 = Release|Any CPU
		{DA4C8EA8-FA2D-4025-8205-517B8CCBF77C}.Debug|Any CPU.ActiveCfg = Debug|Any CPU
		{DA4C8EA8-FA2D-4025-8205-517B8CCBF77C}.Debug|Any CPU.Build.0 = Debug|Any CPU
		{DA4C8EA8-FA2D-4025-8205-517B8CCBF77C}.Debug|x64.ActiveCfg = Debug|Any CPU
		{DA4C8EA8-FA2D-4025-8205-517B8CCBF77C}.Debug|x64.Build.0 = Debug|Any CPU
		{DA4C8EA8-FA2D-4025-8205-517B8CCBF77C}.Debug|x86.ActiveCfg = Debug|Any CPU
		{DA4C8EA8-FA2D-4025-8205-517B8CCBF77C}.Debug|x86.Build.0 = Debug|Any CPU
		{DA4C8EA8-FA2D-4025-8205-517B8CCBF77C}.Release|Any CPU.ActiveCfg = Release|Any CPU
		{DA4C8EA8-FA2D-4025-8205-517B8CCBF77C}.Release|Any CPU.Build.0 = Release|Any CPU
		{DA4C8EA8-FA2D-4025-8205-517B8CCBF77C}.Release|x64.ActiveCfg = Release|Any CPU
		{DA4C8EA8-FA2D-4025-8205-517B8CCBF77C}.Release|x64.Build.0 = Release|Any CPU
		{DA4C8EA8-FA2D-4025-8205-517B8CCBF77C}.Release|x86.ActiveCfg = Release|Any CPU
		{DA4C8EA8-FA2D-4025-8205-517B8CCBF77C}.Release|x86.Build.0 = Release|Any CPU
		{D1F2F4EE-34EC-4BF4-A482-1306196136A2}.Debug|Any CPU.ActiveCfg = Debug|Any CPU
		{D1F2F4EE-34EC-4BF4-A482-1306196136A2}.Debug|Any CPU.Build.0 = Debug|Any CPU
		{D1F2F4EE-34EC-4BF4-A482-1306196136A2}.Debug|x64.ActiveCfg = Debug|Any CPU
		{D1F2F4EE-34EC-4BF4-A482-1306196136A2}.Debug|x64.Build.0 = Debug|Any CPU
		{D1F2F4EE-34EC-4BF4-A482-1306196136A2}.Debug|x86.ActiveCfg = Debug|Any CPU
		{D1F2F4EE-34EC-4BF4-A482-1306196136A2}.Debug|x86.Build.0 = Debug|Any CPU
		{D1F2F4EE-34EC-4BF4-A482-1306196136A2}.Release|Any CPU.ActiveCfg = Release|Any CPU
		{D1F2F4EE-34EC-4BF4-A482-1306196136A2}.Release|Any CPU.Build.0 = Release|Any CPU
		{D1F2F4EE-34EC-4BF4-A482-1306196136A2}.Release|x64.ActiveCfg = Release|Any CPU
		{D1F2F4EE-34EC-4BF4-A482-1306196136A2}.Release|x64.Build.0 = Release|Any CPU
		{D1F2F4EE-34EC-4BF4-A482-1306196136A2}.Release|x86.ActiveCfg = Release|Any CPU
		{D1F2F4EE-34EC-4BF4-A482-1306196136A2}.Release|x86.Build.0 = Release|Any CPU
		{0C9ECEFA-E00E-4B2F-9157-7D48B7C454E0}.Debug|Any CPU.ActiveCfg = Debug|Any CPU
		{0C9ECEFA-E00E-4B2F-9157-7D48B7C454E0}.Debug|Any CPU.Build.0 = Debug|Any CPU
		{0C9ECEFA-E00E-4B2F-9157-7D48B7C454E0}.Debug|x64.ActiveCfg = Debug|Any CPU
		{0C9ECEFA-E00E-4B2F-9157-7D48B7C454E0}.Debug|x64.Build.0 = Debug|Any CPU
		{0C9ECEFA-E00E-4B2F-9157-7D48B7C454E0}.Debug|x86.ActiveCfg = Debug|Any CPU
		{0C9ECEFA-E00E-4B2F-9157-7D48B7C454E0}.Debug|x86.Build.0 = Debug|Any CPU
		{0C9ECEFA-E00E-4B2F-9157-7D48B7C454E0}.Release|Any CPU.ActiveCfg = Release|Any CPU
		{0C9ECEFA-E00E-4B2F-9157-7D48B7C454E0}.Release|Any CPU.Build.0 = Release|Any CPU
		{0C9ECEFA-E00E-4B2F-9157-7D48B7C454E0}.Release|x64.ActiveCfg = Release|Any CPU
		{0C9ECEFA-E00E-4B2F-9157-7D48B7C454E0}.Release|x64.Build.0 = Release|Any CPU
		{0C9ECEFA-E00E-4B2F-9157-7D48B7C454E0}.Release|x86.ActiveCfg = Release|Any CPU
		{0C9ECEFA-E00E-4B2F-9157-7D48B7C454E0}.Release|x86.Build.0 = Release|Any CPU
		{1C62D010-4D6D-42D8-9206-FA1B97749D7B}.Debug|Any CPU.ActiveCfg = Debug|Any CPU
		{1C62D010-4D6D-42D8-9206-FA1B97749D7B}.Debug|Any CPU.Build.0 = Debug|Any CPU
		{1C62D010-4D6D-42D8-9206-FA1B97749D7B}.Debug|x64.ActiveCfg = Debug|Any CPU
		{1C62D010-4D6D-42D8-9206-FA1B97749D7B}.Debug|x64.Build.0 = Debug|Any CPU
		{1C62D010-4D6D-42D8-9206-FA1B97749D7B}.Debug|x86.ActiveCfg = Debug|Any CPU
		{1C62D010-4D6D-42D8-9206-FA1B97749D7B}.Debug|x86.Build.0 = Debug|Any CPU
		{1C62D010-4D6D-42D8-9206-FA1B97749D7B}.Release|Any CPU.ActiveCfg = Release|Any CPU
		{1C62D010-4D6D-42D8-9206-FA1B97749D7B}.Release|Any CPU.Build.0 = Release|Any CPU
		{1C62D010-4D6D-42D8-9206-FA1B97749D7B}.Release|x64.ActiveCfg = Release|Any CPU
		{1C62D010-4D6D-42D8-9206-FA1B97749D7B}.Release|x64.Build.0 = Release|Any CPU
		{1C62D010-4D6D-42D8-9206-FA1B97749D7B}.Release|x86.ActiveCfg = Release|Any CPU
		{1C62D010-4D6D-42D8-9206-FA1B97749D7B}.Release|x86.Build.0 = Release|Any CPU
	EndGlobalSection
	GlobalSection(SolutionProperties) = preSolution
		HideSolutionNode = FALSE
	EndGlobalSection
	GlobalSection(NestedProjects) = preSolution
		{755F3463-2D3F-42FE-836E-BF963FD7AD40} = {827E0CD3-B72D-47B6-A68D-7590B98EB39B}
		{DA4C8EA8-FA2D-4025-8205-517B8CCBF77C} = {827E0CD3-B72D-47B6-A68D-7590B98EB39B}
		{D1F2F4EE-34EC-4BF4-A482-1306196136A2} = {827E0CD3-B72D-47B6-A68D-7590B98EB39B}
		{0C9ECEFA-E00E-4B2F-9157-7D48B7C454E0} = {827E0CD3-B72D-47B6-A68D-7590B98EB39B}
		{1C62D010-4D6D-42D8-9206-FA1B97749D7B} = {02EA681E-C7D8-13C7-8484-4AC65E1B71E8}
	EndGlobalSection
	GlobalSection(ExtensibilityGlobals) = postSolution
		SolutionGuid = {3E547B60-2628-42CD-9DF2-0AF1E16E8D15}
	EndGlobalSection
EndGlobal
